
Microsoft Visual Studio Solution File, Format Version 12.00
# Visual Studio Version 16
VisualStudioVersion = 16.0.30309.148
MinimumVisualStudioVersion = 10.0.40219.1
Project("{FAE04EC0-301F-11D3-BF4B-00C04F79EFBC}") = "APItest", "APItest\APItest.csproj", "{BCAA4287-1435-4255-B8FD-12D2DD97D97C}"
EndProject
Global
	GlobalSection(SolutionConfigurationPlatforms) = preSolution
		Debug|Any CPU = Debug|Any CPU
		Release|Any CPU = Release|Any CPU
	EndGlobalSection
	GlobalSection(ProjectConfigurationPlatforms) = postSolution
		{BCAA4287-1435-4255-B8FD-12D2DD97D97C}.Debug|Any CPU.ActiveCfg = Debug|Any CPU
		{BCAA4287-1435-4255-B8FD-12D2DD97D97C}.Debug|Any CPU.Build.0 = Debug|Any CPU
		{BCAA4287-1435-4255-B8FD-12D2DD97D97C}.Release|Any CPU.ActiveCfg = Release|Any CPU
		{BCAA4287-1435-4255-B8FD-12D2DD97D97C}.Release|Any CPU.Build.0 = Release|Any CPU
	EndGlobalSection
	GlobalSection(SolutionProperties) = preSolution
		HideSolutionNode = FALSE
	EndGlobalSection
	GlobalSection(ExtensibilityGlobals) = postSolution
		SolutionGuid = {333F1EBA-0553-471B-BF8A-B31B86B36291}
	EndGlobalSection
EndGlobal
